# This file is autogenerated, do not edit; changes may be undone by the next 'dep ensure'.


[[projects]]
  digest = "1:6bd91b8d4abaef9b5e8077c339e0c1b13801eae702f80075677b5e7e0fb5c21c"
  name = "syreclabs.com/go/faker"
  packages = [
    ".",
    "locales",
  ]
  pruneopts = "UT"
  revision = "552a925f6f001bbe99d56724e8dd53d74aa58686"
  version = "v1.0.1"

[solve-meta]
  analyzer-name = "dep"
  analyzer-version = 1
  input-imports = ["syreclabs.com/go/faker"]
  solver-name = "gps-cdcl"
  solver-version = 1
